
Microsoft Visual Studio Solution File, Format Version 12.00
# Visual Studio 15
VisualStudioVersion = 15.0.26403.7
MinimumVisualStudioVersion = 10.0.40219.1
Project("{FAE04EC0-301F-11D3-BF4B-00C04F79EFBC}") = "VegaApi", "VegaApi\VegaApi.csproj", "{E2FF1CC4-ECC8-4BAD-9581-A35388658033}"
EndProject
Project("{2150E333-8FDC-42A3-9474-1A3956D46DE8}") = "3 - Domain", "3 - Domain", "{C65A4FFB-A655-46A4-A99B-F140BAE39266}"
EndProject
Project("{FAE04EC0-301F-11D3-BF4B-00C04F79EFBC}") = "Vega.Domain", "Vega.Domain\Vega.Domain.csproj", "{CF210549-9171-4470-A9BC-97A0B53B8CCF}"
EndProject
Project("{2150E333-8FDC-42A3-9474-1A3956D46DE8}") = "4 - Infra", "4 - Infra", "{D9A2C7DA-EA76-44B3-9647-E22C23C38228}"
EndProject
Project("{2150E333-8FDC-42A3-9474-1A3956D46DE8}") = "4.1 - Data", "4.1 - Data", "{1CA8E223-CE6B-452D-AC43-A194F5AC2841}"
EndProject
Project("{FAE04EC0-301F-11D3-BF4B-00C04F79EFBC}") = "Vega.Infra.Data", "Vega.Infra.Data\Vega.Infra.Data.csproj", "{9EBFA409-FBAE-4B22-88F7-986768CC2D6B}"
EndProject
Project("{2150E333-8FDC-42A3-9474-1A3956D46DE8}") = "1 - Presentation", "1 - Presentation", "{2E779FF9-8442-449C-9DA7-7C285C966328}"
EndProject
Project("{E24C65DC-7377-472B-9ABA-BC803B73C61A}") = "Vega", "Vega\", "{44CCB7F1-CDE1-41FF-8EE9-FF86577BDA59}"
	ProjectSection(WebsiteProperties) = preProject
		TargetFrameworkMoniker = ".NETFramework,Version%3Dv4.0"
		Debug.AspNetCompiler.VirtualPath = "/localhost_52508"
		Debug.AspNetCompiler.PhysicalPath = "Vega\"
		Debug.AspNetCompiler.TargetPath = "PrecompiledWeb\localhost_52508\"
		Debug.AspNetCompiler.Updateable = "true"
		Debug.AspNetCompiler.ForceOverwrite = "true"
		Debug.AspNetCompiler.FixedNames = "false"
		Debug.AspNetCompiler.Debug = "True"
		Release.AspNetCompiler.VirtualPath = "/localhost_52508"
		Release.AspNetCompiler.PhysicalPath = "Vega\"
		Release.AspNetCompiler.TargetPath = "PrecompiledWeb\localhost_52508\"
		Release.AspNetCompiler.Updateable = "true"
		Release.AspNetCompiler.ForceOverwrite = "true"
		Release.AspNetCompiler.FixedNames = "false"
		Release.AspNetCompiler.Debug = "False"
		VWDPort = "52508"
	EndProjectSection
EndProject
Global
	GlobalSection(SolutionConfigurationPlatforms) = preSolution
		Debug|Any CPU = Debug|Any CPU
		Release|Any CPU = Release|Any CPU
	EndGlobalSection
	GlobalSection(ProjectConfigurationPlatforms) = postSolution
		{E2FF1CC4-ECC8-4BAD-9581-A35388658033}.Debug|Any CPU.ActiveCfg = Debug|Any CPU
		{E2FF1CC4-ECC8-4BAD-9581-A35388658033}.Debug|Any CPU.Build.0 = Debug|Any CPU
		{E2FF1CC4-ECC8-4BAD-9581-A35388658033}.Release|Any CPU.ActiveCfg = Release|Any CPU
		{E2FF1CC4-ECC8-4BAD-9581-A35388658033}.Release|Any CPU.Build.0 = Release|Any CPU
		{CF210549-9171-4470-A9BC-97A0B53B8CCF}.Debug|Any CPU.ActiveCfg = Debug|Any CPU
		{CF210549-9171-4470-A9BC-97A0B53B8CCF}.Debug|Any CPU.Build.0 = Debug|Any CPU
		{CF210549-9171-4470-A9BC-97A0B53B8CCF}.Release|Any CPU.ActiveCfg = Release|Any CPU
		{CF210549-9171-4470-A9BC-97A0B53B8CCF}.Release|Any CPU.Build.0 = Release|Any CPU
		{9EBFA409-FBAE-4B22-88F7-986768CC2D6B}.Debug|Any CPU.ActiveCfg = Debug|Any CPU
		{9EBFA409-FBAE-4B22-88F7-986768CC2D6B}.Debug|Any CPU.Build.0 = Debug|Any CPU
		{9EBFA409-FBAE-4B22-88F7-986768CC2D6B}.Release|Any CPU.ActiveCfg = Release|Any CPU
		{9EBFA409-FBAE-4B22-88F7-986768CC2D6B}.Release|Any CPU.Build.0 = Release|Any CPU
		{44CCB7F1-CDE1-41FF-8EE9-FF86577BDA59}.Debug|Any CPU.ActiveCfg = Debug|Any CPU
		{44CCB7F1-CDE1-41FF-8EE9-FF86577BDA59}.Debug|Any CPU.Build.0 = Debug|Any CPU
		{44CCB7F1-CDE1-41FF-8EE9-FF86577BDA59}.Release|Any CPU.ActiveCfg = Debug|Any CPU
		{44CCB7F1-CDE1-41FF-8EE9-FF86577BDA59}.Release|Any CPU.Build.0 = Debug|Any CPU
	EndGlobalSection
	GlobalSection(SolutionProperties) = preSolution
		HideSolutionNode = FALSE
	EndGlobalSection
	GlobalSection(NestedProjects) = preSolution
		{CF210549-9171-4470-A9BC-97A0B53B8CCF} = {C65A4FFB-A655-46A4-A99B-F140BAE39266}
		{1CA8E223-CE6B-452D-AC43-A194F5AC2841} = {D9A2C7DA-EA76-44B3-9647-E22C23C38228}
		{9EBFA409-FBAE-4B22-88F7-986768CC2D6B} = {1CA8E223-CE6B-452D-AC43-A194F5AC2841}
		{44CCB7F1-CDE1-41FF-8EE9-FF86577BDA59} = {2E779FF9-8442-449C-9DA7-7C285C966328}
	EndGlobalSection
EndGlobal
